# This file is automatically @generated by Cargo.
# It is not intended for manual editing.
version = 3

[[package]]
name = "bevy_caravan"
version = "0.1.0"

[[package]]
name = "bevy_caravan"
version = "0.1.0"
source = "registry+https://github.com/rust-lang/crates.io-index"
checksum = "0e11015b7f258c32621de3ebfd69440c9ae9a78e1141a86469ca2c3c9eb2dd18"

[[package]]
name = "bevy_hubera"
version = "0.1.0"
dependencies = [
 "bevy_caravan 0.1.0 (registry+https://github.com/rust-lang/crates.io-index)",
]
